
Microsoft Visual Studio Solution File, Format Version 12.00
# Visual Studio 2013
VisualStudioVersion = 12.0.21005.1
MinimumVisualStudioVersion = 10.0.40219.1
Project("{FAE04EC0-301F-11D3-BF4B-00C04F79EFBC}") = "SteamStreamingLibrary", "SteamStreamingLibrary\SteamStreamingLibrary.csproj", "{CBB60303-BCA7-4898-9F11-2968CF04644A}"
EndProject
Project("{FAE04EC0-301F-11D3-BF4B-00C04F79EFBC}") = "SteamStreamingLibraryTester", "SteamStreamingLibraryTester\SteamStreamingLibraryTester.csproj", "{9651332C-1DC5-4B7B-8F88-8E37E063D20B}"
	ProjectSection(ProjectDependencies) = postProject
		{CBB60303-BCA7-4898-9F11-2968CF04644A} = {CBB60303-BCA7-4898-9F11-2968CF04644A}
	EndProjectSection
EndProject
Global
	GlobalSection(SolutionConfigurationPlatforms) = preSolution
		Debug|Any CPU = Debug|Any CPU
		Release|Any CPU = Release|Any CPU
	EndGlobalSection
	GlobalSection(ProjectConfigurationPlatforms) = postSolution
		{CBB60303-BCA7-4898-9F11-2968CF04644A}.Debug|Any CPU.ActiveCfg = Debug|Any CPU
		{CBB60303-BCA7-4898-9F11-2968CF04644A}.Debug|Any CPU.Build.0 = Debug|Any CPU
		{CBB60303-BCA7-4898-9F11-2968CF04644A}.Release|Any CPU.ActiveCfg = Release|Any CPU
		{CBB60303-BCA7-4898-9F11-2968CF04644A}.Release|Any CPU.Build.0 = Release|Any CPU
		{9651332C-1DC5-4B7B-8F88-8E37E063D20B}.Debug|Any CPU.ActiveCfg = Debug|Any CPU
		{9651332C-1DC5-4B7B-8F88-8E37E063D20B}.Debug|Any CPU.Build.0 = Debug|Any CPU
		{9651332C-1DC5-4B7B-8F88-8E37E063D20B}.Release|Any CPU.ActiveCfg = Release|Any CPU
		{9651332C-1DC5-4B7B-8F88-8E37E063D20B}.Release|Any CPU.Build.0 = Release|Any CPU
	EndGlobalSection
	GlobalSection(SolutionProperties) = preSolution
		HideSolutionNode = FALSE
	EndGlobalSection
EndGlobal
